{
  "name": "frontend",
  "version": "0.0.0",
  "lockfileVersion": 1,
  "requires": true,
  "dependencies": {
    "angular-ng-autocomplete": {
      "version": "2.0.5",
      "resolved": "https://registry.npmjs.org/angular-ng-autocomplete/-/angular-ng-autocomplete-2.0.5.tgz",
      "integrity": "sha512-mYALrzwc5eoFR5xz/diup5GDsxqXp3L707P4CkiBl5l01fKej0nyIDTQ+xXtZUK3spXIyfuOX0ypa9wTrgCP5A=="
    }
  }
}
